{
  "meteor": {},
  "dependencies": {
    "basePackages": {
      "iron-router": {},
      "http-publish": {},
      "collection-api": {}
    },
    "packages": {
      "iron-router": {
        "git": "https://github.com/EventedMind/iron-router.git",
        "tag": "v0.7.1",
        "commit": "d1ffb3f06ea4c112132b030f2eb1a70b81675ecb"
      },
      "http-publish": {
        "git": "https://github.com/CollectionFS/Meteor-http-publish.git",
        "tag": "v0.0.10",
        "commit": "f308999d074a3c4c056a88c431be04cead93228b"
      },
      "collection-api": {
        "git": "https://github.com/crazytoad/meteor-collectionapi.git",
        "tag": "v0.1.15",
        "commit": "b62c51f387287726cf3b64077f7bc69604ec2f5e"
      },
      "blaze-layout": {
        "git": "https://github.com/EventedMind/blaze-layout.git",
        "tag": "v0.2.4",
        "commit": "b40e9b0612329288d75cf52ad14a7da64bb8618f"
      },
      "http-methods": {
        "git": "https://github.com/CollectionFS/Meteor-http-methods.git",
        "tag": "v0.0.22",
        "commit": "5b0f7723f49436b8a0a930f284ed05f0b26021fe"
      }
    }
  }
}
